
Microsoft Visual Studio Solution File, Format Version 12.00
# Visual Studio Version 17
VisualStudioVersion = 17.10.35027.167
MinimumVisualStudioVersion = 10.0.40219.1
Project("{FAE04EC0-301F-11D3-BF4B-00C04F79EFBC}") = "01.DefineAnInterfaceIPerson", "01.DefineAnInterfaceIPerson\01.DefineAnInterfaceIPerson.csproj", "{0F641720-2AD0-4E18-B50A-00F0A360D1FD}"
EndProject
Project("{FAE04EC0-301F-11D3-BF4B-00C04F79EFBC}") = "03.Telephony", "03.Telephony\03.Telephony.csproj", "{583A4EFF-96F9-4F84-B39C-A13281AACD47}"
EndProject
Project("{FAE04EC0-301F-11D3-BF4B-00C04F79EFBC}") = "04.BorderControl", "04.BorderControl\04.BorderControl.csproj", "{12E7AE3E-C075-46DB-B8D5-422B1D0A07EE}"
EndProject
Global
	GlobalSection(SolutionConfigurationPlatforms) = preSolution
		Debug|Any CPU = Debug|Any CPU
		Release|Any CPU = Release|Any CPU
	EndGlobalSection
	GlobalSection(ProjectConfigurationPlatforms) = postSolution
		{0F641720-2AD0-4E18-B50A-00F0A360D1FD}.Debug|Any CPU.ActiveCfg = Debug|Any CPU
		{0F641720-2AD0-4E18-B50A-00F0A360D1FD}.Debug|Any CPU.Build.0 = Debug|Any CPU
		{0F641720-2AD0-4E18-B50A-00F0A360D1FD}.Release|Any CPU.ActiveCfg = Release|Any CPU
		{0F641720-2AD0-4E18-B50A-00F0A360D1FD}.Release|Any CPU.Build.0 = Release|Any CPU
		{583A4EFF-96F9-4F84-B39C-A13281AACD47}.Debug|Any CPU.ActiveCfg = Debug|Any CPU
		{583A4EFF-96F9-4F84-B39C-A13281AACD47}.Debug|Any CPU.Build.0 = Debug|Any CPU
		{583A4EFF-96F9-4F84-B39C-A13281AACD47}.Release|Any CPU.ActiveCfg = Release|Any CPU
		{583A4EFF-96F9-4F84-B39C-A13281AACD47}.Release|Any CPU.Build.0 = Release|Any CPU
		{12E7AE3E-C075-46DB-B8D5-422B1D0A07EE}.Debug|Any CPU.ActiveCfg = Debug|Any CPU
		{12E7AE3E-C075-46DB-B8D5-422B1D0A07EE}.Debug|Any CPU.Build.0 = Debug|Any CPU
		{12E7AE3E-C075-46DB-B8D5-422B1D0A07EE}.Release|Any CPU.ActiveCfg = Release|Any CPU
		{12E7AE3E-C075-46DB-B8D5-422B1D0A07EE}.Release|Any CPU.Build.0 = Release|Any CPU
	EndGlobalSection
	GlobalSection(SolutionProperties) = preSolution
		HideSolutionNode = FALSE
	EndGlobalSection
	GlobalSection(ExtensibilityGlobals) = postSolution
		SolutionGuid = {67BE2E70-5922-4F59-B722-50F868FCFAE8}
	EndGlobalSection
EndGlobal
