
Microsoft Visual Studio Solution File, Format Version 12.00
# Visual Studio Version 17
VisualStudioVersion = 17.9.34723.18
MinimumVisualStudioVersion = 10.0.40219.1
Project("{FAE04EC0-301F-11D3-BF4B-00C04F79EFBC}") = "01.OddLines", "01.OddLines\01.OddLines.csproj", "{DCAEEE8A-F602-47D6-8599-0364CC1D20DD}"
EndProject
Global
	GlobalSection(SolutionConfigurationPlatforms) = preSolution
		Debug|Any CPU = Debug|Any CPU
		Release|Any CPU = Release|Any CPU
	EndGlobalSection
	GlobalSection(ProjectConfigurationPlatforms) = postSolution
		{DCAEEE8A-F602-47D6-8599-0364CC1D20DD}.Debug|Any CPU.ActiveCfg = Debug|Any CPU
		{DCAEEE8A-F602-47D6-8599-0364CC1D20DD}.Debug|Any CPU.Build.0 = Debug|Any CPU
		{DCAEEE8A-F602-47D6-8599-0364CC1D20DD}.Release|Any CPU.ActiveCfg = Release|Any CPU
		{DCAEEE8A-F602-47D6-8599-0364CC1D20DD}.Release|Any CPU.Build.0 = Release|Any CPU
	EndGlobalSection
	GlobalSection(SolutionProperties) = preSolution
		HideSolutionNode = FALSE
	EndGlobalSection
	GlobalSection(ExtensibilityGlobals) = postSolution
		SolutionGuid = {F566E227-2924-4223-A628-25F9015986E9}
	EndGlobalSection
EndGlobal
