
Microsoft Visual Studio Solution File, Format Version 12.00
# Visual Studio Version 17
VisualStudioVersion = 17.10.34916.146
MinimumVisualStudioVersion = 10.0.40219.1
Project("{9A19103F-16F7-4668-BE54-9A1E7A4F7556}") = "01.SortEvenNumbers", "01.SortEvenNumbers\01.SortEvenNumbers.csproj", "{86A1D5F1-FE01-4DA6-9261-38C0477B4056}"
EndProject
Project("{9A19103F-16F7-4668-BE54-9A1E7A4F7556}") = "02.SumNumbers", "02.SumNumbers\02.SumNumbers.csproj", "{AC769D5F-4FF8-4D4E-B0A0-9BB0B8623E71}"
EndProject
Project("{9A19103F-16F7-4668-BE54-9A1E7A4F7556}") = "03.CountUppercaseWords", "03.CountUppercaseWords\03.CountUppercaseWords.csproj", "{351BB70B-3072-4678-A9FD-13E4544D2E12}"
EndProject
Project("{9A19103F-16F7-4668-BE54-9A1E7A4F7556}") = "04.AddVAT", "04.AddVAT\04.AddVAT.csproj", "{A7CE41DF-F497-4F57-99A8-5104C164992A}"
EndProject
Project("{FAE04EC0-301F-11D3-BF4B-00C04F79EFBC}") = "05.FilterByAge", "05.FilterByAge\05.FilterByAge.csproj", "{F359F4BA-CE91-4D1D-AFFA-8007A8A5C810}"
EndProject
Global
	GlobalSection(SolutionConfigurationPlatforms) = preSolution
		Debug|Any CPU = Debug|Any CPU
		Release|Any CPU = Release|Any CPU
	EndGlobalSection
	GlobalSection(ProjectConfigurationPlatforms) = postSolution
		{86A1D5F1-FE01-4DA6-9261-38C0477B4056}.Debug|Any CPU.ActiveCfg = Debug|Any CPU
		{86A1D5F1-FE01-4DA6-9261-38C0477B4056}.Debug|Any CPU.Build.0 = Debug|Any CPU
		{86A1D5F1-FE01-4DA6-9261-38C0477B4056}.Release|Any CPU.ActiveCfg = Release|Any CPU
		{86A1D5F1-FE01-4DA6-9261-38C0477B4056}.Release|Any CPU.Build.0 = Release|Any CPU
		{AC769D5F-4FF8-4D4E-B0A0-9BB0B8623E71}.Debug|Any CPU.ActiveCfg = Debug|Any CPU
		{AC769D5F-4FF8-4D4E-B0A0-9BB0B8623E71}.Debug|Any CPU.Build.0 = Debug|Any CPU
		{AC769D5F-4FF8-4D4E-B0A0-9BB0B8623E71}.Release|Any CPU.ActiveCfg = Release|Any CPU
		{AC769D5F-4FF8-4D4E-B0A0-9BB0B8623E71}.Release|Any CPU.Build.0 = Release|Any CPU
		{351BB70B-3072-4678-A9FD-13E4544D2E12}.Debug|Any CPU.ActiveCfg = Debug|Any CPU
		{351BB70B-3072-4678-A9FD-13E4544D2E12}.Debug|Any CPU.Build.0 = Debug|Any CPU
		{351BB70B-3072-4678-A9FD-13E4544D2E12}.Release|Any CPU.ActiveCfg = Release|Any CPU
		{351BB70B-3072-4678-A9FD-13E4544D2E12}.Release|Any CPU.Build.0 = Release|Any CPU
		{A7CE41DF-F497-4F57-99A8-5104C164992A}.Debug|Any CPU.ActiveCfg = Debug|Any CPU
		{A7CE41DF-F497-4F57-99A8-5104C164992A}.Debug|Any CPU.Build.0 = Debug|Any CPU
		{A7CE41DF-F497-4F57-99A8-5104C164992A}.Release|Any CPU.ActiveCfg = Release|Any CPU
		{A7CE41DF-F497-4F57-99A8-5104C164992A}.Release|Any CPU.Build.0 = Release|Any CPU
		{F359F4BA-CE91-4D1D-AFFA-8007A8A5C810}.Debug|Any CPU.ActiveCfg = Debug|Any CPU
		{F359F4BA-CE91-4D1D-AFFA-8007A8A5C810}.Debug|Any CPU.Build.0 = Debug|Any CPU
		{F359F4BA-CE91-4D1D-AFFA-8007A8A5C810}.Release|Any CPU.ActiveCfg = Release|Any CPU
		{F359F4BA-CE91-4D1D-AFFA-8007A8A5C810}.Release|Any CPU.Build.0 = Release|Any CPU
	EndGlobalSection
	GlobalSection(SolutionProperties) = preSolution
		HideSolutionNode = FALSE
	EndGlobalSection
	GlobalSection(ExtensibilityGlobals) = postSolution
		SolutionGuid = {554BBE81-FAFD-43C8-B1AF-18753938D1D3}
	EndGlobalSection
EndGlobal
