
Microsoft Visual Studio Solution File, Format Version 12.00
# Visual Studio Version 17
VisualStudioVersion = 17.10.34928.147
MinimumVisualStudioVersion = 10.0.40219.1
Project("{FAE04EC0-301F-11D3-BF4B-00C04F79EFBC}") = "BoxOfT", "BoxOfT\BoxOfT.csproj", "{688AE904-5C25-4B46-B462-9107B7864FC2}"
EndProject
Project("{FAE04EC0-301F-11D3-BF4B-00C04F79EFBC}") = "GenericArrayCreator", "GenericArrayCreator\GenericArrayCreator.csproj", "{4D3A8D87-6915-4FCA-8EB1-FC029330C21D}"
EndProject
Project("{FAE04EC0-301F-11D3-BF4B-00C04F79EFBC}") = "GenericScale", "GenericScale\GenericScale.csproj", "{00ADED86-5ADF-452A-9E01-15E4B0172720}"
EndProject
Global
	GlobalSection(SolutionConfigurationPlatforms) = preSolution
		Debug|Any CPU = Debug|Any CPU
		Release|Any CPU = Release|Any CPU
	EndGlobalSection
	GlobalSection(ProjectConfigurationPlatforms) = postSolution
		{688AE904-5C25-4B46-B462-9107B7864FC2}.Debug|Any CPU.ActiveCfg = Debug|Any CPU
		{688AE904-5C25-4B46-B462-9107B7864FC2}.Debug|Any CPU.Build.0 = Debug|Any CPU
		{688AE904-5C25-4B46-B462-9107B7864FC2}.Release|Any CPU.ActiveCfg = Release|Any CPU
		{688AE904-5C25-4B46-B462-9107B7864FC2}.Release|Any CPU.Build.0 = Release|Any CPU
		{4D3A8D87-6915-4FCA-8EB1-FC029330C21D}.Debug|Any CPU.ActiveCfg = Debug|Any CPU
		{4D3A8D87-6915-4FCA-8EB1-FC029330C21D}.Debug|Any CPU.Build.0 = Debug|Any CPU
		{4D3A8D87-6915-4FCA-8EB1-FC029330C21D}.Release|Any CPU.ActiveCfg = Release|Any CPU
		{4D3A8D87-6915-4FCA-8EB1-FC029330C21D}.Release|Any CPU.Build.0 = Release|Any CPU
		{00ADED86-5ADF-452A-9E01-15E4B0172720}.Debug|Any CPU.ActiveCfg = Debug|Any CPU
		{00ADED86-5ADF-452A-9E01-15E4B0172720}.Debug|Any CPU.Build.0 = Debug|Any CPU
		{00ADED86-5ADF-452A-9E01-15E4B0172720}.Release|Any CPU.ActiveCfg = Release|Any CPU
		{00ADED86-5ADF-452A-9E01-15E4B0172720}.Release|Any CPU.Build.0 = Release|Any CPU
	EndGlobalSection
	GlobalSection(SolutionProperties) = preSolution
		HideSolutionNode = FALSE
	EndGlobalSection
	GlobalSection(ExtensibilityGlobals) = postSolution
		SolutionGuid = {36D14E11-8732-4DFF-B53F-612562B0EFF5}
	EndGlobalSection
EndGlobal
