
Microsoft Visual Studio Solution File, Format Version 12.00
# Visual Studio Version 17
VisualStudioVersion = 17.10.35027.167
MinimumVisualStudioVersion = 10.0.40219.1
Project("{9A19103F-16F7-4668-BE54-9A1E7A4F7556}") = "01.Vehicles", "01.Vehicles\01.Vehicles.csproj", "{D26ED324-343E-4217-9DC5-76E38ADCC606}"
EndProject
Project("{FAE04EC0-301F-11D3-BF4B-00C04F79EFBC}") = "03.Raiding", "03.Raiding\03.Raiding.csproj", "{D136F0D1-1FF3-4EE0-A4D1-93A6166B643B}"
EndProject
Global
	GlobalSection(SolutionConfigurationPlatforms) = preSolution
		Debug|Any CPU = Debug|Any CPU
		Release|Any CPU = Release|Any CPU
	EndGlobalSection
	GlobalSection(ProjectConfigurationPlatforms) = postSolution
		{D26ED324-343E-4217-9DC5-76E38ADCC606}.Debug|Any CPU.ActiveCfg = Debug|Any CPU
		{D26ED324-343E-4217-9DC5-76E38ADCC606}.Debug|Any CPU.Build.0 = Debug|Any CPU
		{D26ED324-343E-4217-9DC5-76E38ADCC606}.Release|Any CPU.ActiveCfg = Release|Any CPU
		{D26ED324-343E-4217-9DC5-76E38ADCC606}.Release|Any CPU.Build.0 = Release|Any CPU
		{D136F0D1-1FF3-4EE0-A4D1-93A6166B643B}.Debug|Any CPU.ActiveCfg = Debug|Any CPU
		{D136F0D1-1FF3-4EE0-A4D1-93A6166B643B}.Debug|Any CPU.Build.0 = Debug|Any CPU
		{D136F0D1-1FF3-4EE0-A4D1-93A6166B643B}.Release|Any CPU.ActiveCfg = Release|Any CPU
		{D136F0D1-1FF3-4EE0-A4D1-93A6166B643B}.Release|Any CPU.Build.0 = Release|Any CPU
	EndGlobalSection
	GlobalSection(SolutionProperties) = preSolution
		HideSolutionNode = FALSE
	EndGlobalSection
	GlobalSection(ExtensibilityGlobals) = postSolution
		SolutionGuid = {22D118C7-737C-4A20-A380-A17C65723646}
	EndGlobalSection
EndGlobal
